
Microsoft Visual Studio Solution File, Format Version 12.00
Project("{FAE04EC0-301F-11D3-BF4B-00C04F79EFBC}") = "Task1", "Task1\Task1.csproj", "{6B7DFF4F-5642-4013-8E6F-1A76E9AC227A}"
EndProject
Project("{FAE04EC0-301F-11D3-BF4B-00C04F79EFBC}") = "Task2", "Task2\Task2.csproj", "{9CC192E6-F61D-42B9-9C62-08B201615A51}"
EndProject
Project("{FAE04EC0-301F-11D3-BF4B-00C04F79EFBC}") = "Task3", "Task3\Task3.csproj", "{BC2B857B-B14D-4CA9-8439-36E934390DDC}"
EndProject
Project("{FAE04EC0-301F-11D3-BF4B-00C04F79EFBC}") = "Task4", "Task4\Task4.csproj", "{8B378DC2-2C4D-4A5F-A823-2B2567729984}"
EndProject
Project("{FAE04EC0-301F-11D3-BF4B-00C04F79EFBC}") = "Task5", "Task5\Task5.csproj", "{8C9ED836-6F00-4E66-B724-A323923BE16E}"
EndProject
Project("{FAE04EC0-301F-11D3-BF4B-00C04F79EFBC}") = "Practical1Test", "Practical1Test\Practical1Test.csproj", "{2468CA6B-A9F9-4EAF-92DD-4070F3B16A02}"
EndProject
Global
	GlobalSection(SolutionConfigurationPlatforms) = preSolution
		Debug|Any CPU = Debug|Any CPU
		Release|Any CPU = Release|Any CPU
	EndGlobalSection
	GlobalSection(ProjectConfigurationPlatforms) = postSolution
		{6B7DFF4F-5642-4013-8E6F-1A76E9AC227A}.Debug|Any CPU.ActiveCfg = Debug|Any CPU
		{6B7DFF4F-5642-4013-8E6F-1A76E9AC227A}.Debug|Any CPU.Build.0 = Debug|Any CPU
		{6B7DFF4F-5642-4013-8E6F-1A76E9AC227A}.Release|Any CPU.ActiveCfg = Release|Any CPU
		{6B7DFF4F-5642-4013-8E6F-1A76E9AC227A}.Release|Any CPU.Build.0 = Release|Any CPU
		{9CC192E6-F61D-42B9-9C62-08B201615A51}.Debug|Any CPU.ActiveCfg = Debug|Any CPU
		{9CC192E6-F61D-42B9-9C62-08B201615A51}.Debug|Any CPU.Build.0 = Debug|Any CPU
		{9CC192E6-F61D-42B9-9C62-08B201615A51}.Release|Any CPU.ActiveCfg = Release|Any CPU
		{9CC192E6-F61D-42B9-9C62-08B201615A51}.Release|Any CPU.Build.0 = Release|Any CPU
		{BC2B857B-B14D-4CA9-8439-36E934390DDC}.Debug|Any CPU.ActiveCfg = Debug|Any CPU
		{BC2B857B-B14D-4CA9-8439-36E934390DDC}.Debug|Any CPU.Build.0 = Debug|Any CPU
		{BC2B857B-B14D-4CA9-8439-36E934390DDC}.Release|Any CPU.ActiveCfg = Release|Any CPU
		{BC2B857B-B14D-4CA9-8439-36E934390DDC}.Release|Any CPU.Build.0 = Release|Any CPU
		{8B378DC2-2C4D-4A5F-A823-2B2567729984}.Debug|Any CPU.ActiveCfg = Debug|Any CPU
		{8B378DC2-2C4D-4A5F-A823-2B2567729984}.Debug|Any CPU.Build.0 = Debug|Any CPU
		{8B378DC2-2C4D-4A5F-A823-2B2567729984}.Release|Any CPU.ActiveCfg = Release|Any CPU
		{8B378DC2-2C4D-4A5F-A823-2B2567729984}.Release|Any CPU.Build.0 = Release|Any CPU
		{8C9ED836-6F00-4E66-B724-A323923BE16E}.Debug|Any CPU.ActiveCfg = Debug|Any CPU
		{8C9ED836-6F00-4E66-B724-A323923BE16E}.Debug|Any CPU.Build.0 = Debug|Any CPU
		{8C9ED836-6F00-4E66-B724-A323923BE16E}.Release|Any CPU.ActiveCfg = Release|Any CPU
		{8C9ED836-6F00-4E66-B724-A323923BE16E}.Release|Any CPU.Build.0 = Release|Any CPU
		{2468CA6B-A9F9-4EAF-92DD-4070F3B16A02}.Debug|Any CPU.ActiveCfg = Debug|Any CPU
		{2468CA6B-A9F9-4EAF-92DD-4070F3B16A02}.Debug|Any CPU.Build.0 = Debug|Any CPU
		{2468CA6B-A9F9-4EAF-92DD-4070F3B16A02}.Release|Any CPU.ActiveCfg = Release|Any CPU
		{2468CA6B-A9F9-4EAF-92DD-4070F3B16A02}.Release|Any CPU.Build.0 = Release|Any CPU
	EndGlobalSection
EndGlobal
